
Microsoft Visual Studio Solution File, Format Version 12.00
# Visual Studio Version 17
VisualStudioVersion = 17.8.34511.84
MinimumVisualStudioVersion = 10.0.40219.1
Project("{9A19103F-16F7-4668-BE54-9A1E7A4F7556}") = "Domain", "Domain\Domain.csproj", "{2D4616A0-C096-40B1-822E-309535513AF5}"
EndProject
Project("{2150E333-8FDC-42A3-9474-1A3956D46DE8}") = "src", "src", "{6EA2FF43-22F9-46F4-A87A-3E7D418CECA1}"
EndProject
Project("{9A19103F-16F7-4668-BE54-9A1E7A4F7556}") = "Application", "Application\Application.csproj", "{FCCCBBE4-55A4-4FC5-B71E-9D0E83D3EFD5}"
EndProject
Project("{9A19103F-16F7-4668-BE54-9A1E7A4F7556}") = "Infrastructure", "Infrastructura\Infrastructure.csproj", "{146FD959-0B14-4D06-9FEA-20225F9277FD}"
EndProject
Project("{9A19103F-16F7-4668-BE54-9A1E7A4F7556}") = "api", "api\api.csproj", "{A6766640-2E43-4E06-9042-256A037C14FB}"
EndProject
Project("{FAE04EC0-301F-11D3-BF4B-00C04F79EFBC}") = "Presentation", "Presentation\Presentation.csproj", "{D197B38E-38EC-43DC-AAA6-E84F08DAF6F2}"
EndProject
Global
	GlobalSection(SolutionConfigurationPlatforms) = preSolution
		Debug|Any CPU = Debug|Any CPU
		Release|Any CPU = Release|Any CPU
	EndGlobalSection
	GlobalSection(ProjectConfigurationPlatforms) = postSolution
		{2D4616A0-C096-40B1-822E-309535513AF5}.Debug|Any CPU.ActiveCfg = Debug|Any CPU
		{2D4616A0-C096-40B1-822E-309535513AF5}.Debug|Any CPU.Build.0 = Debug|Any CPU
		{2D4616A0-C096-40B1-822E-309535513AF5}.Release|Any CPU.ActiveCfg = Release|Any CPU
		{2D4616A0-C096-40B1-822E-309535513AF5}.Release|Any CPU.Build.0 = Release|Any CPU
		{FCCCBBE4-55A4-4FC5-B71E-9D0E83D3EFD5}.Debug|Any CPU.ActiveCfg = Debug|Any CPU
		{FCCCBBE4-55A4-4FC5-B71E-9D0E83D3EFD5}.Debug|Any CPU.Build.0 = Debug|Any CPU
		{FCCCBBE4-55A4-4FC5-B71E-9D0E83D3EFD5}.Release|Any CPU.ActiveCfg = Release|Any CPU
		{FCCCBBE4-55A4-4FC5-B71E-9D0E83D3EFD5}.Release|Any CPU.Build.0 = Release|Any CPU
		{146FD959-0B14-4D06-9FEA-20225F9277FD}.Debug|Any CPU.ActiveCfg = Debug|Any CPU
		{146FD959-0B14-4D06-9FEA-20225F9277FD}.Debug|Any CPU.Build.0 = Debug|Any CPU
		{146FD959-0B14-4D06-9FEA-20225F9277FD}.Release|Any CPU.ActiveCfg = Release|Any CPU
		{146FD959-0B14-4D06-9FEA-20225F9277FD}.Release|Any CPU.Build.0 = Release|Any CPU
		{A6766640-2E43-4E06-9042-256A037C14FB}.Debug|Any CPU.ActiveCfg = Debug|Any CPU
		{A6766640-2E43-4E06-9042-256A037C14FB}.Debug|Any CPU.Build.0 = Debug|Any CPU
		{A6766640-2E43-4E06-9042-256A037C14FB}.Release|Any CPU.ActiveCfg = Release|Any CPU
		{A6766640-2E43-4E06-9042-256A037C14FB}.Release|Any CPU.Build.0 = Release|Any CPU
		{D197B38E-38EC-43DC-AAA6-E84F08DAF6F2}.Debug|Any CPU.ActiveCfg = Debug|Any CPU
		{D197B38E-38EC-43DC-AAA6-E84F08DAF6F2}.Debug|Any CPU.Build.0 = Debug|Any CPU
		{D197B38E-38EC-43DC-AAA6-E84F08DAF6F2}.Release|Any CPU.ActiveCfg = Release|Any CPU
		{D197B38E-38EC-43DC-AAA6-E84F08DAF6F2}.Release|Any CPU.Build.0 = Release|Any CPU
	EndGlobalSection
	GlobalSection(SolutionProperties) = preSolution
		HideSolutionNode = FALSE
	EndGlobalSection
	GlobalSection(NestedProjects) = preSolution
		{2D4616A0-C096-40B1-822E-309535513AF5} = {6EA2FF43-22F9-46F4-A87A-3E7D418CECA1}
		{FCCCBBE4-55A4-4FC5-B71E-9D0E83D3EFD5} = {6EA2FF43-22F9-46F4-A87A-3E7D418CECA1}
		{146FD959-0B14-4D06-9FEA-20225F9277FD} = {6EA2FF43-22F9-46F4-A87A-3E7D418CECA1}
		{A6766640-2E43-4E06-9042-256A037C14FB} = {6EA2FF43-22F9-46F4-A87A-3E7D418CECA1}
		{D197B38E-38EC-43DC-AAA6-E84F08DAF6F2} = {6EA2FF43-22F9-46F4-A87A-3E7D418CECA1}
	EndGlobalSection
	GlobalSection(ExtensibilityGlobals) = postSolution
		SolutionGuid = {F09C4DB8-D000-459C-8A9D-C2FB651F4B66}
	EndGlobalSection
EndGlobal
